
Microsoft Visual Studio Solution File, Format Version 12.00
# Visual Studio 15
VisualStudioVersion = 15.0.27130.2010
MinimumVisualStudioVersion = 10.0.40219.1
Project("{FAE04EC0-301F-11D3-BF4B-00C04F79EFBC}") = "AllOutCoin.Android", "AllOutCoin\AllOutCoin.Android\AllOutCoin.Android.csproj", "{83E7C07E-9F8E-4426-885E-894B17FD4D7C}"
EndProject
Project("{FAE04EC0-301F-11D3-BF4B-00C04F79EFBC}") = "AllOutCoin.iOS", "AllOutCoin\AllOutCoin.iOS\AllOutCoin.iOS.csproj", "{B6E200FD-4377-4FE3-B2F7-ECE06E149981}"
EndProject
Project("{FAE04EC0-301F-11D3-BF4B-00C04F79EFBC}") = "AllOutCoin.UWP", "AllOutCoin\AllOutCoin.UWP\AllOutCoin.UWP.csproj", "{6CB5BEB8-9BFD-43E1-9DB5-B12A13A8B568}"
EndProject
Project("{FAE04EC0-301F-11D3-BF4B-00C04F79EFBC}") = "AllOutCoin", "AllOutCoin\AllOutCoin\AllOutCoin.csproj", "{7A6088DB-2F54-48AA-A9DE-16D8F3D2DC6B}"
EndProject
Project("{FAE04EC0-301F-11D3-BF4B-00C04F79EFBC}") = "gdax.netcore", "gdax.netcore-master\src\gdax.netcore.csproj", "{ED329921-2701-494A-97D8-388E5C968763}"
EndProject
Project("{2150E333-8FDC-42A3-9474-1A3956D46DE8}") = "Z_API", "Z_API", "{66810248-D0BE-499D-843E-94D5DA547192}"
EndProject
Project("{FAE04EC0-301F-11D3-BF4B-00C04F79EFBC}") = "CoinTools", "CoinTools\CoinTools.csproj", "{E60C1DA5-A374-4643-A880-BCFD4730DED9}"
EndProject
Global
	GlobalSection(SolutionConfigurationPlatforms) = preSolution
		Ad-Hoc|Any CPU = Ad-Hoc|Any CPU
		Ad-Hoc|ARM = Ad-Hoc|ARM
		Ad-Hoc|iPhone = Ad-Hoc|iPhone
		Ad-Hoc|iPhoneSimulator = Ad-Hoc|iPhoneSimulator
		Ad-Hoc|x64 = Ad-Hoc|x64
		Ad-Hoc|x86 = Ad-Hoc|x86
		AppStore|Any CPU = AppStore|Any CPU
		AppStore|ARM = AppStore|ARM
		AppStore|iPhone = AppStore|iPhone
		AppStore|iPhoneSimulator = AppStore|iPhoneSimulator
		AppStore|x64 = AppStore|x64
		AppStore|x86 = AppStore|x86
		Debug|Any CPU = Debug|Any CPU
		Debug|ARM = Debug|ARM
		Debug|iPhone = Debug|iPhone
		Debug|iPhoneSimulator = Debug|iPhoneSimulator
		Debug|x64 = Debug|x64
		Debug|x86 = Debug|x86
		Release|Any CPU = Release|Any CPU
		Release|ARM = Release|ARM
		Release|iPhone = Release|iPhone
		Release|iPhoneSimulator = Release|iPhoneSimulator
		Release|x64 = Release|x64
		Release|x86 = Release|x86
	EndGlobalSection
	GlobalSection(ProjectConfigurationPlatforms) = postSolution
		{83E7C07E-9F8E-4426-885E-894B17FD4D7C}.Ad-Hoc|Any CPU.ActiveCfg = Release|Any CPU
		{83E7C07E-9F8E-4426-885E-894B17FD4D7C}.Ad-Hoc|Any CPU.Build.0 = Release|Any CPU
		{83E7C07E-9F8E-4426-885E-894B17FD4D7C}.Ad-Hoc|Any CPU.Deploy.0 = Release|Any CPU
		{83E7C07E-9F8E-4426-885E-894B17FD4D7C}.Ad-Hoc|ARM.ActiveCfg = Release|Any CPU
		{83E7C07E-9F8E-4426-885E-894B17FD4D7C}.Ad-Hoc|ARM.Build.0 = Release|Any CPU
		{83E7C07E-9F8E-4426-885E-894B17FD4D7C}.Ad-Hoc|ARM.Deploy.0 = Release|Any CPU
		{83E7C07E-9F8E-4426-885E-894B17FD4D7C}.Ad-Hoc|iPhone.ActiveCfg = Release|Any CPU
		{83E7C07E-9F8E-4426-885E-894B17FD4D7C}.Ad-Hoc|iPhone.Build.0 = Release|Any CPU
		{83E7C07E-9F8E-4426-885E-894B17FD4D7C}.Ad-Hoc|iPhone.Deploy.0 = Release|Any CPU
		{83E7C07E-9F8E-4426-885E-894B17FD4D7C}.Ad-Hoc|iPhoneSimulator.ActiveCfg = Release|Any CPU
		{83E7C07E-9F8E-4426-885E-894B17FD4D7C}.Ad-Hoc|iPhoneSimulator.Build.0 = Release|Any CPU
		{83E7C07E-9F8E-4426-885E-894B17FD4D7C}.Ad-Hoc|iPhoneSimulator.Deploy.0 = Release|Any CPU
		{83E7C07E-9F8E-4426-885E-894B17FD4D7C}.Ad-Hoc|x64.ActiveCfg = Release|Any CPU
		{83E7C07E-9F8E-4426-885E-894B17FD4D7C}.Ad-Hoc|x64.Build.0 = Release|Any CPU
		{83E7C07E-9F8E-4426-885E-894B17FD4D7C}.Ad-Hoc|x64.Deploy.0 = Release|Any CPU
		{83E7C07E-9F8E-4426-885E-894B17FD4D7C}.Ad-Hoc|x86.ActiveCfg = Release|Any CPU
		{83E7C07E-9F8E-4426-885E-894B17FD4D7C}.Ad-Hoc|x86.Build.0 = Release|Any CPU
		{83E7C07E-9F8E-4426-885E-894B17FD4D7C}.Ad-Hoc|x86.Deploy.0 = Release|Any CPU
		{83E7C07E-9F8E-4426-885E-894B17FD4D7C}.AppStore|Any CPU.ActiveCfg = Release|Any CPU
		{83E7C07E-9F8E-4426-885E-894B17FD4D7C}.AppStore|Any CPU.Build.0 = Release|Any CPU
		{83E7C07E-9F8E-4426-885E-894B17FD4D7C}.AppStore|Any CPU.Deploy.0 = Release|Any CPU
		{83E7C07E-9F8E-4426-885E-894B17FD4D7C}.AppStore|ARM.ActiveCfg = Release|Any CPU
		{83E7C07E-9F8E-4426-885E-894B17FD4D7C}.AppStore|ARM.Build.0 = Release|Any CPU
		{83E7C07E-9F8E-4426-885E-894B17FD4D7C}.AppStore|ARM.Deploy.0 = Release|Any CPU
		{83E7C07E-9F8E-4426-885E-894B17FD4D7C}.AppStore|iPhone.ActiveCfg = Release|Any CPU
		{83E7C07E-9F8E-4426-885E-894B17FD4D7C}.AppStore|iPhone.Build.0 = Release|Any CPU
		{83E7C07E-9F8E-4426-885E-894B17FD4D7C}.AppStore|iPhone.Deploy.0 = Release|Any CPU
		{83E7C07E-9F8E-4426-885E-894B17FD4D7C}.AppStore|iPhoneSimulator.ActiveCfg = Release|Any CPU
		{83E7C07E-9F8E-4426-885E-894B17FD4D7C}.AppStore|iPhoneSimulator.Build.0 = Release|Any CPU
		{83E7C07E-9F8E-4426-885E-894B17FD4D7C}.AppStore|iPhoneSimulator.Deploy.0 = Release|Any CPU
		{83E7C07E-9F8E-4426-885E-894B17FD4D7C}.AppStore|x64.ActiveCfg = Release|Any CPU
		{83E7C07E-9F8E-4426-885E-894B17FD4D7C}.AppStore|x64.Build.0 = Release|Any CPU
		{83E7C07E-9F8E-4426-885E-894B17FD4D7C}.AppStore|x64.Deploy.0 = Release|Any CPU
		{83E7C07E-9F8E-4426-885E-894B17FD4D7C}.AppStore|x86.ActiveCfg = Release|Any CPU
		{83E7C07E-9F8E-4426-885E-894B17FD4D7C}.AppStore|x86.Build.0 = Release|Any CPU
		{83E7C07E-9F8E-4426-885E-894B17FD4D7C}.AppStore|x86.Deploy.0 = Release|Any CPU
		{83E7C07E-9F8E-4426-885E-894B17FD4D7C}.Debug|Any CPU.ActiveCfg = Debug|Any CPU
		{83E7C07E-9F8E-4426-885E-894B17FD4D7C}.Debug|Any CPU.Build.0 = Debug|Any CPU
		{83E7C07E-9F8E-4426-885E-894B17FD4D7C}.Debug|Any CPU.Deploy.0 = Debug|Any CPU
		{83E7C07E-9F8E-4426-885E-894B17FD4D7C}.Debug|ARM.ActiveCfg = Debug|Any CPU
		{83E7C07E-9F8E-4426-885E-894B17FD4D7C}.Debug|ARM.Build.0 = Debug|Any CPU
		{83E7C07E-9F8E-4426-885E-894B17FD4D7C}.Debug|ARM.Deploy.0 = Debug|Any CPU
		{83E7C07E-9F8E-4426-885E-894B17FD4D7C}.Debug|iPhone.ActiveCfg = Debug|Any CPU
		{83E7C07E-9F8E-4426-885E-894B17FD4D7C}.Debug|iPhone.Build.0 = Debug|Any CPU
		{83E7C07E-9F8E-4426-885E-894B17FD4D7C}.Debug|iPhone.Deploy.0 = Debug|Any CPU
		{83E7C07E-9F8E-4426-885E-894B17FD4D7C}.Debug|iPhoneSimulator.ActiveCfg = Debug|Any CPU
		{83E7C07E-9F8E-4426-885E-894B17FD4D7C}.Debug|iPhoneSimulator.Build.0 = Debug|Any CPU
		{83E7C07E-9F8E-4426-885E-894B17FD4D7C}.Debug|iPhoneSimulator.Deploy.0 = Debug|Any CPU
		{83E7C07E-9F8E-4426-885E-894B17FD4D7C}.Debug|x64.ActiveCfg = Debug|Any CPU
		{83E7C07E-9F8E-4426-885E-894B17FD4D7C}.Debug|x64.Build.0 = Debug|Any CPU
		{83E7C07E-9F8E-4426-885E-894B17FD4D7C}.Debug|x64.Deploy.0 = Debug|Any CPU
		{83E7C07E-9F8E-4426-885E-894B17FD4D7C}.Debug|x86.ActiveCfg = Debug|Any CPU
		{83E7C07E-9F8E-4426-885E-894B17FD4D7C}.Debug|x86.Build.0 = Debug|Any CPU
		{83E7C07E-9F8E-4426-885E-894B17FD4D7C}.Debug|x86.Deploy.0 = Debug|Any CPU
		{83E7C07E-9F8E-4426-885E-894B17FD4D7C}.Release|Any CPU.ActiveCfg = Release|Any CPU
		{83E7C07E-9F8E-4426-885E-894B17FD4D7C}.Release|Any CPU.Build.0 = Release|Any CPU
		{83E7C07E-9F8E-4426-885E-894B17FD4D7C}.Release|Any CPU.Deploy.0 = Release|Any CPU
		{83E7C07E-9F8E-4426-885E-894B17FD4D7C}.Release|ARM.ActiveCfg = Release|Any CPU
		{83E7C07E-9F8E-4426-885E-894B17FD4D7C}.Release|ARM.Build.0 = Release|Any CPU
		{83E7C07E-9F8E-4426-885E-894B17FD4D7C}.Release|ARM.Deploy.0 = Release|Any CPU
		{83E7C07E-9F8E-4426-885E-894B17FD4D7C}.Release|iPhone.ActiveCfg = Release|Any CPU
		{83E7C07E-9F8E-4426-885E-894B17FD4D7C}.Release|iPhone.Build.0 = Release|Any CPU
		{83E7C07E-9F8E-4426-885E-894B17FD4D7C}.Release|iPhone.Deploy.0 = Release|Any CPU
		{83E7C07E-9F8E-4426-885E-894B17FD4D7C}.Release|iPhoneSimulator.ActiveCfg = Release|Any CPU
		{83E7C07E-9F8E-4426-885E-894B17FD4D7C}.Release|iPhoneSimulator.Build.0 = Release|Any CPU
		{83E7C07E-9F8E-4426-885E-894B17FD4D7C}.Release|iPhoneSimulator.Deploy.0 = Release|Any CPU
		{83E7C07E-9F8E-4426-885E-894B17FD4D7C}.Release|x64.ActiveCfg = Release|Any CPU
		{83E7C07E-9F8E-4426-885E-894B17FD4D7C}.Release|x64.Build.0 = Release|Any CPU
		{83E7C07E-9F8E-4426-885E-894B17FD4D7C}.Release|x64.Deploy.0 = Release|Any CPU
		{83E7C07E-9F8E-4426-885E-894B17FD4D7C}.Release|x86.ActiveCfg = Release|Any CPU
		{83E7C07E-9F8E-4426-885E-894B17FD4D7C}.Release|x86.Build.0 = Release|Any CPU
		{83E7C07E-9F8E-4426-885E-894B17FD4D7C}.Release|x86.Deploy.0 = Release|Any CPU
		{B6E200FD-4377-4FE3-B2F7-ECE06E149981}.Ad-Hoc|Any CPU.ActiveCfg = Ad-Hoc|iPhone
		{B6E200FD-4377-4FE3-B2F7-ECE06E149981}.Ad-Hoc|ARM.ActiveCfg = Ad-Hoc|iPhone
		{B6E200FD-4377-4FE3-B2F7-ECE06E149981}.Ad-Hoc|iPhone.ActiveCfg = Ad-Hoc|iPhone
		{B6E200FD-4377-4FE3-B2F7-ECE06E149981}.Ad-Hoc|iPhone.Build.0 = Ad-Hoc|iPhone
		{B6E200FD-4377-4FE3-B2F7-ECE06E149981}.Ad-Hoc|iPhoneSimulator.ActiveCfg = Ad-Hoc|iPhoneSimulator
		{B6E200FD-4377-4FE3-B2F7-ECE06E149981}.Ad-Hoc|iPhoneSimulator.Build.0 = Ad-Hoc|iPhoneSimulator
		{B6E200FD-4377-4FE3-B2F7-ECE06E149981}.Ad-Hoc|x64.ActiveCfg = Ad-Hoc|iPhone
		{B6E200FD-4377-4FE3-B2F7-ECE06E149981}.Ad-Hoc|x86.ActiveCfg = Ad-Hoc|iPhone
		{B6E200FD-4377-4FE3-B2F7-ECE06E149981}.AppStore|Any CPU.ActiveCfg = AppStore|iPhone
		{B6E200FD-4377-4FE3-B2F7-ECE06E149981}.AppStore|ARM.ActiveCfg = AppStore|iPhone
		{B6E200FD-4377-4FE3-B2F7-ECE06E149981}.AppStore|iPhone.ActiveCfg = AppStore|iPhone
		{B6E200FD-4377-4FE3-B2F7-ECE06E149981}.AppStore|iPhone.Build.0 = AppStore|iPhone
		{B6E200FD-4377-4FE3-B2F7-ECE06E149981}.AppStore|iPhoneSimulator.ActiveCfg = AppStore|iPhoneSimulator
		{B6E200FD-4377-4FE3-B2F7-ECE06E149981}.AppStore|iPhoneSimulator.Build.0 = AppStore|iPhoneSimulator
		{B6E200FD-4377-4FE3-B2F7-ECE06E149981}.AppStore|x64.ActiveCfg = AppStore|iPhone
		{B6E200FD-4377-4FE3-B2F7-ECE06E149981}.AppStore|x86.ActiveCfg = AppStore|iPhone
		{B6E200FD-4377-4FE3-B2F7-ECE06E149981}.Debug|Any CPU.ActiveCfg = Debug|iPhone
		{B6E200FD-4377-4FE3-B2F7-ECE06E149981}.Debug|ARM.ActiveCfg = Debug|iPhone
		{B6E200FD-4377-4FE3-B2F7-ECE06E149981}.Debug|iPhone.ActiveCfg = Debug|iPhone
		{B6E200FD-4377-4FE3-B2F7-ECE06E149981}.Debug|iPhone.Build.0 = Debug|iPhone
		{B6E200FD-4377-4FE3-B2F7-ECE06E149981}.Debug|iPhoneSimulator.ActiveCfg = Debug|iPhoneSimulator
		{B6E200FD-4377-4FE3-B2F7-ECE06E149981}.Debug|iPhoneSimulator.Build.0 = Debug|iPhoneSimulator
		{B6E200FD-4377-4FE3-B2F7-ECE06E149981}.Debug|x64.ActiveCfg = Debug|iPhone
		{B6E200FD-4377-4FE3-B2F7-ECE06E149981}.Debug|x86.ActiveCfg = Debug|iPhone
		{B6E200FD-4377-4FE3-B2F7-ECE06E149981}.Release|Any CPU.ActiveCfg = Release|iPhone
		{B6E200FD-4377-4FE3-B2F7-ECE06E149981}.Release|ARM.ActiveCfg = Release|iPhone
		{B6E200FD-4377-4FE3-B2F7-ECE06E149981}.Release|iPhone.ActiveCfg = Release|iPhone
		{B6E200FD-4377-4FE3-B2F7-ECE06E149981}.Release|iPhone.Build.0 = Release|iPhone
		{B6E200FD-4377-4FE3-B2F7-ECE06E149981}.Release|iPhoneSimulator.ActiveCfg = Release|iPhoneSimulator
		{B6E200FD-4377-4FE3-B2F7-ECE06E149981}.Release|iPhoneSimulator.Build.0 = Release|iPhoneSimulator
		{B6E200FD-4377-4FE3-B2F7-ECE06E149981}.Release|x64.ActiveCfg = Release|iPhone
		{B6E200FD-4377-4FE3-B2F7-ECE06E149981}.Release|x86.ActiveCfg = Release|iPhone
		{6CB5BEB8-9BFD-43E1-9DB5-B12A13A8B568}.Ad-Hoc|Any CPU.ActiveCfg = Release|x86
		{6CB5BEB8-9BFD-43E1-9DB5-B12A13A8B568}.Ad-Hoc|Any CPU.Build.0 = Release|x86
		{6CB5BEB8-9BFD-43E1-9DB5-B12A13A8B568}.Ad-Hoc|Any CPU.Deploy.0 = Release|x86
		{6CB5BEB8-9BFD-43E1-9DB5-B12A13A8B568}.Ad-Hoc|ARM.ActiveCfg = Release|ARM
		{6CB5BEB8-9BFD-43E1-9DB5-B12A13A8B568}.Ad-Hoc|ARM.Build.0 = Release|ARM
		{6CB5BEB8-9BFD-43E1-9DB5-B12A13A8B568}.Ad-Hoc|ARM.Deploy.0 = Release|ARM
		{6CB5BEB8-9BFD-43E1-9DB5-B12A13A8B568}.Ad-Hoc|iPhone.ActiveCfg = Release|x86
		{6CB5BEB8-9BFD-43E1-9DB5-B12A13A8B568}.Ad-Hoc|iPhone.Build.0 = Release|x86
		{6CB5BEB8-9BFD-43E1-9DB5-B12A13A8B568}.Ad-Hoc|iPhone.Deploy.0 = Release|x86
		{6CB5BEB8-9BFD-43E1-9DB5-B12A13A8B568}.Ad-Hoc|iPhoneSimulator.ActiveCfg = Release|x86
		{6CB5BEB8-9BFD-43E1-9DB5-B12A13A8B568}.Ad-Hoc|iPhoneSimulator.Build.0 = Release|x86
		{6CB5BEB8-9BFD-43E1-9DB5-B12A13A8B568}.Ad-Hoc|iPhoneSimulator.Deploy.0 = Release|x86
		{6CB5BEB8-9BFD-43E1-9DB5-B12A13A8B568}.Ad-Hoc|x64.ActiveCfg = Release|x64
		{6CB5BEB8-9BFD-43E1-9DB5-B12A13A8B568}.Ad-Hoc|x64.Build.0 = Release|x64
		{6CB5BEB8-9BFD-43E1-9DB5-B12A13A8B568}.Ad-Hoc|x64.Deploy.0 = Release|x64
		{6CB5BEB8-9BFD-43E1-9DB5-B12A13A8B568}.Ad-Hoc|x86.ActiveCfg = Release|x86
		{6CB5BEB8-9BFD-43E1-9DB5-B12A13A8B568}.Ad-Hoc|x86.Build.0 = Release|x86
		{6CB5BEB8-9BFD-43E1-9DB5-B12A13A8B568}.Ad-Hoc|x86.Deploy.0 = Release|x86
		{6CB5BEB8-9BFD-43E1-9DB5-B12A13A8B568}.AppStore|Any CPU.ActiveCfg = Release|x86
		{6CB5BEB8-9BFD-43E1-9DB5-B12A13A8B568}.AppStore|Any CPU.Build.0 = Release|x86
		{6CB5BEB8-9BFD-43E1-9DB5-B12A13A8B568}.AppStore|Any CPU.Deploy.0 = Release|x86
		{6CB5BEB8-9BFD-43E1-9DB5-B12A13A8B568}.AppStore|ARM.ActiveCfg = Release|ARM
		{6CB5BEB8-9BFD-43E1-9DB5-B12A13A8B568}.AppStore|ARM.Build.0 = Release|ARM
		{6CB5BEB8-9BFD-43E1-9DB5-B12A13A8B568}.AppStore|ARM.Deploy.0 = Release|ARM
		{6CB5BEB8-9BFD-43E1-9DB5-B12A13A8B568}.AppStore|iPhone.ActiveCfg = Release|x86
		{6CB5BEB8-9BFD-43E1-9DB5-B12A13A8B568}.AppStore|iPhone.Build.0 = Release|x86
		{6CB5BEB8-9BFD-43E1-9DB5-B12A13A8B568}.AppStore|iPhone.Deploy.0 = Release|x86
		{6CB5BEB8-9BFD-43E1-9DB5-B12A13A8B568}.AppStore|iPhoneSimulator.ActiveCfg = Release|x86
		{6CB5BEB8-9BFD-43E1-9DB5-B12A13A8B568}.AppStore|iPhoneSimulator.Build.0 = Release|x86
		{6CB5BEB8-9BFD-43E1-9DB5-B12A13A8B568}.AppStore|iPhoneSimulator.Deploy.0 = Release|x86
		{6CB5BEB8-9BFD-43E1-9DB5-B12A13A8B568}.AppStore|x64.ActiveCfg = Release|x64
		{6CB5BEB8-9BFD-43E1-9DB5-B12A13A8B568}.AppStore|x64.Build.0 = Release|x64
		{6CB5BEB8-9BFD-43E1-9DB5-B12A13A8B568}.AppStore|x64.Deploy.0 = Release|x64
		{6CB5BEB8-9BFD-43E1-9DB5-B12A13A8B568}.AppStore|x86.ActiveCfg = Release|x86
		{6CB5BEB8-9BFD-43E1-9DB5-B12A13A8B568}.AppStore|x86.Build.0 = Release|x86
		{6CB5BEB8-9BFD-43E1-9DB5-B12A13A8B568}.AppStore|x86.Deploy.0 = Release|x86
		{6CB5BEB8-9BFD-43E1-9DB5-B12A13A8B568}.Debug|Any CPU.ActiveCfg = Debug|x86
		{6CB5BEB8-9BFD-43E1-9DB5-B12A13A8B568}.Debug|ARM.ActiveCfg = Debug|ARM
		{6CB5BEB8-9BFD-43E1-9DB5-B12A13A8B568}.Debug|ARM.Build.0 = Debug|ARM
		{6CB5BEB8-9BFD-43E1-9DB5-B12A13A8B568}.Debug|ARM.Deploy.0 = Debug|ARM
		{6CB5BEB8-9BFD-43E1-9DB5-B12A13A8B568}.Debug|iPhone.ActiveCfg = Debug|x86
		{6CB5BEB8-9BFD-43E1-9DB5-B12A13A8B568}.Debug|iPhoneSimulator.ActiveCfg = Debug|x86
		{6CB5BEB8-9BFD-43E1-9DB5-B12A13A8B568}.Debug|x64.ActiveCfg = Debug|x64
		{6CB5BEB8-9BFD-43E1-9DB5-B12A13A8B568}.Debug|x64.Build.0 = Debug|x64
		{6CB5BEB8-9BFD-43E1-9DB5-B12A13A8B568}.Debug|x64.Deploy.0 = Debug|x64
		{6CB5BEB8-9BFD-43E1-9DB5-B12A13A8B568}.Debug|x86.ActiveCfg = Debug|x86
		{6CB5BEB8-9BFD-43E1-9DB5-B12A13A8B568}.Debug|x86.Build.0 = Debug|x86
		{6CB5BEB8-9BFD-43E1-9DB5-B12A13A8B568}.Debug|x86.Deploy.0 = Debug|x86
		{6CB5BEB8-9BFD-43E1-9DB5-B12A13A8B568}.Release|Any CPU.ActiveCfg = Release|x86
		{6CB5BEB8-9BFD-43E1-9DB5-B12A13A8B568}.Release|ARM.ActiveCfg = Release|ARM
		{6CB5BEB8-9BFD-43E1-9DB5-B12A13A8B568}.Release|ARM.Build.0 = Release|ARM
		{6CB5BEB8-9BFD-43E1-9DB5-B12A13A8B568}.Release|ARM.Deploy.0 = Release|ARM
		{6CB5BEB8-9BFD-43E1-9DB5-B12A13A8B568}.Release|iPhone.ActiveCfg = Release|x86
		{6CB5BEB8-9BFD-43E1-9DB5-B12A13A8B568}.Release|iPhoneSimulator.ActiveCfg = Release|x86
		{6CB5BEB8-9BFD-43E1-9DB5-B12A13A8B568}.Release|x64.ActiveCfg = Release|x64
		{6CB5BEB8-9BFD-43E1-9DB5-B12A13A8B568}.Release|x64.Build.0 = Release|x64
		{6CB5BEB8-9BFD-43E1-9DB5-B12A13A8B568}.Release|x64.Deploy.0 = Release|x64
		{6CB5BEB8-9BFD-43E1-9DB5-B12A13A8B568}.Release|x86.ActiveCfg = Release|x86
		{6CB5BEB8-9BFD-43E1-9DB5-B12A13A8B568}.Release|x86.Build.0 = Release|x86
		{6CB5BEB8-9BFD-43E1-9DB5-B12A13A8B568}.Release|x86.Deploy.0 = Release|x86
		{7A6088DB-2F54-48AA-A9DE-16D8F3D2DC6B}.Ad-Hoc|Any CPU.ActiveCfg = Debug|Any CPU
		{7A6088DB-2F54-48AA-A9DE-16D8F3D2DC6B}.Ad-Hoc|Any CPU.Build.0 = Debug|Any CPU
		{7A6088DB-2F54-48AA-A9DE-16D8F3D2DC6B}.Ad-Hoc|ARM.ActiveCfg = Debug|Any CPU
		{7A6088DB-2F54-48AA-A9DE-16D8F3D2DC6B}.Ad-Hoc|ARM.Build.0 = Debug|Any CPU
		{7A6088DB-2F54-48AA-A9DE-16D8F3D2DC6B}.Ad-Hoc|iPhone.ActiveCfg = Debug|Any CPU
		{7A6088DB-2F54-48AA-A9DE-16D8F3D2DC6B}.Ad-Hoc|iPhone.Build.0 = Debug|Any CPU
		{7A6088DB-2F54-48AA-A9DE-16D8F3D2DC6B}.Ad-Hoc|iPhoneSimulator.ActiveCfg = Debug|Any CPU
		{7A6088DB-2F54-48AA-A9DE-16D8F3D2DC6B}.Ad-Hoc|iPhoneSimulator.Build.0 = Debug|Any CPU
		{7A6088DB-2F54-48AA-A9DE-16D8F3D2DC6B}.Ad-Hoc|x64.ActiveCfg = Debug|Any CPU
		{7A6088DB-2F54-48AA-A9DE-16D8F3D2DC6B}.Ad-Hoc|x64.Build.0 = Debug|Any CPU
		{7A6088DB-2F54-48AA-A9DE-16D8F3D2DC6B}.Ad-Hoc|x86.ActiveCfg = Debug|Any CPU
		{7A6088DB-2F54-48AA-A9DE-16D8F3D2DC6B}.Ad-Hoc|x86.Build.0 = Debug|Any CPU
		{7A6088DB-2F54-48AA-A9DE-16D8F3D2DC6B}.AppStore|Any CPU.ActiveCfg = Debug|Any CPU
		{7A6088DB-2F54-48AA-A9DE-16D8F3D2DC6B}.AppStore|Any CPU.Build.0 = Debug|Any CPU
		{7A6088DB-2F54-48AA-A9DE-16D8F3D2DC6B}.AppStore|ARM.ActiveCfg = Debug|Any CPU
		{7A6088DB-2F54-48AA-A9DE-16D8F3D2DC6B}.AppStore|ARM.Build.0 = Debug|Any CPU
		{7A6088DB-2F54-48AA-A9DE-16D8F3D2DC6B}.AppStore|iPhone.ActiveCfg = Debug|Any CPU
		{7A6088DB-2F54-48AA-A9DE-16D8F3D2DC6B}.AppStore|iPhone.Build.0 = Debug|Any CPU
		{7A6088DB-2F54-48AA-A9DE-16D8F3D2DC6B}.AppStore|iPhoneSimulator.ActiveCfg = Debug|Any CPU
		{7A6088DB-2F54-48AA-A9DE-16D8F3D2DC6B}.AppStore|iPhoneSimulator.Build.0 = Debug|Any CPU
		{7A6088DB-2F54-48AA-A9DE-16D8F3D2DC6B}.AppStore|x64.ActiveCfg = Debug|Any CPU
		{7A6088DB-2F54-48AA-A9DE-16D8F3D2DC6B}.AppStore|x64.Build.0 = Debug|Any CPU
		{7A6088DB-2F54-48AA-A9DE-16D8F3D2DC6B}.AppStore|x86.ActiveCfg = Debug|Any CPU
		{7A6088DB-2F54-48AA-A9DE-16D8F3D2DC6B}.AppStore|x86.Build.0 = Debug|Any CPU
		{7A6088DB-2F54-48AA-A9DE-16D8F3D2DC6B}.Debug|Any CPU.ActiveCfg = Debug|Any CPU
		{7A6088DB-2F54-48AA-A9DE-16D8F3D2DC6B}.Debug|Any CPU.Build.0 = Debug|Any CPU
		{7A6088DB-2F54-48AA-A9DE-16D8F3D2DC6B}.Debug|ARM.ActiveCfg = Debug|Any CPU
		{7A6088DB-2F54-48AA-A9DE-16D8F3D2DC6B}.Debug|ARM.Build.0 = Debug|Any CPU
		{7A6088DB-2F54-48AA-A9DE-16D8F3D2DC6B}.Debug|iPhone.ActiveCfg = Debug|Any CPU
		{7A6088DB-2F54-48AA-A9DE-16D8F3D2DC6B}.Debug|iPhone.Build.0 = Debug|Any CPU
		{7A6088DB-2F54-48AA-A9DE-16D8F3D2DC6B}.Debug|iPhoneSimulator.ActiveCfg = Debug|Any CPU
		{7A6088DB-2F54-48AA-A9DE-16D8F3D2DC6B}.Debug|iPhoneSimulator.Build.0 = Debug|Any CPU
		{7A6088DB-2F54-48AA-A9DE-16D8F3D2DC6B}.Debug|x64.ActiveCfg = Debug|Any CPU
		{7A6088DB-2F54-48AA-A9DE-16D8F3D2DC6B}.Debug|x64.Build.0 = Debug|Any CPU
		{7A6088DB-2F54-48AA-A9DE-16D8F3D2DC6B}.Debug|x86.ActiveCfg = Debug|Any CPU
		{7A6088DB-2F54-48AA-A9DE-16D8F3D2DC6B}.Debug|x86.Build.0 = Debug|Any CPU
		{7A6088DB-2F54-48AA-A9DE-16D8F3D2DC6B}.Release|Any CPU.ActiveCfg = Release|Any CPU
		{7A6088DB-2F54-48AA-A9DE-16D8F3D2DC6B}.Release|Any CPU.Build.0 = Release|Any CPU
		{7A6088DB-2F54-48AA-A9DE-16D8F3D2DC6B}.Release|ARM.ActiveCfg = Release|Any CPU
		{7A6088DB-2F54-48AA-A9DE-16D8F3D2DC6B}.Release|ARM.Build.0 = Release|Any CPU
		{7A6088DB-2F54-48AA-A9DE-16D8F3D2DC6B}.Release|iPhone.ActiveCfg = Release|Any CPU
		{7A6088DB-2F54-48AA-A9DE-16D8F3D2DC6B}.Release|iPhone.Build.0 = Release|Any CPU
		{7A6088DB-2F54-48AA-A9DE-16D8F3D2DC6B}.Release|iPhoneSimulator.ActiveCfg = Release|Any CPU
		{7A6088DB-2F54-48AA-A9DE-16D8F3D2DC6B}.Release|iPhoneSimulator.Build.0 = Release|Any CPU
		{7A6088DB-2F54-48AA-A9DE-16D8F3D2DC6B}.Release|x64.ActiveCfg = Release|Any CPU
		{7A6088DB-2F54-48AA-A9DE-16D8F3D2DC6B}.Release|x64.Build.0 = Release|Any CPU
		{7A6088DB-2F54-48AA-A9DE-16D8F3D2DC6B}.Release|x86.ActiveCfg = Release|Any CPU
		{7A6088DB-2F54-48AA-A9DE-16D8F3D2DC6B}.Release|x86.Build.0 = Release|Any CPU
		{ED329921-2701-494A-97D8-388E5C968763}.Ad-Hoc|Any CPU.ActiveCfg = Debug|Any CPU
		{ED329921-2701-494A-97D8-388E5C968763}.Ad-Hoc|Any CPU.Build.0 = Debug|Any CPU
		{ED329921-2701-494A-97D8-388E5C968763}.Ad-Hoc|ARM.ActiveCfg = Debug|Any CPU
		{ED329921-2701-494A-97D8-388E5C968763}.Ad-Hoc|ARM.Build.0 = Debug|Any CPU
		{ED329921-2701-494A-97D8-388E5C968763}.Ad-Hoc|iPhone.ActiveCfg = Debug|Any CPU
		{ED329921-2701-494A-97D8-388E5C968763}.Ad-Hoc|iPhone.Build.0 = Debug|Any CPU
		{ED329921-2701-494A-97D8-388E5C968763}.Ad-Hoc|iPhoneSimulator.ActiveCfg = Debug|Any CPU
		{ED329921-2701-494A-97D8-388E5C968763}.Ad-Hoc|iPhoneSimulator.Build.0 = Debug|Any CPU
		{ED329921-2701-494A-97D8-388E5C968763}.Ad-Hoc|x64.ActiveCfg = Debug|Any CPU
		{ED329921-2701-494A-97D8-388E5C968763}.Ad-Hoc|x64.Build.0 = Debug|Any CPU
		{ED329921-2701-494A-97D8-388E5C968763}.Ad-Hoc|x86.ActiveCfg = Debug|Any CPU
		{ED329921-2701-494A-97D8-388E5C968763}.Ad-Hoc|x86.Build.0 = Debug|Any CPU
		{ED329921-2701-494A-97D8-388E5C968763}.AppStore|Any CPU.ActiveCfg = Debug|Any CPU
		{ED329921-2701-494A-97D8-388E5C968763}.AppStore|Any CPU.Build.0 = Debug|Any CPU
		{ED329921-2701-494A-97D8-388E5C968763}.AppStore|ARM.ActiveCfg = Debug|Any CPU
		{ED329921-2701-494A-97D8-388E5C968763}.AppStore|ARM.Build.0 = Debug|Any CPU
		{ED329921-2701-494A-97D8-388E5C968763}.AppStore|iPhone.ActiveCfg = Debug|Any CPU
		{ED329921-2701-494A-97D8-388E5C968763}.AppStore|iPhone.Build.0 = Debug|Any CPU
		{ED329921-2701-494A-97D8-388E5C968763}.AppStore|iPhoneSimulator.ActiveCfg = Debug|Any CPU
		{ED329921-2701-494A-97D8-388E5C968763}.AppStore|iPhoneSimulator.Build.0 = Debug|Any CPU
		{ED329921-2701-494A-97D8-388E5C968763}.AppStore|x64.ActiveCfg = Debug|Any CPU
		{ED329921-2701-494A-97D8-388E5C968763}.AppStore|x64.Build.0 = Debug|Any CPU
		{ED329921-2701-494A-97D8-388E5C968763}.AppStore|x86.ActiveCfg = Debug|Any CPU
		{ED329921-2701-494A-97D8-388E5C968763}.AppStore|x86.Build.0 = Debug|Any CPU
		{ED329921-2701-494A-97D8-388E5C968763}.Debug|Any CPU.ActiveCfg = Debug|Any CPU
		{ED329921-2701-494A-97D8-388E5C968763}.Debug|Any CPU.Build.0 = Debug|Any CPU
		{ED329921-2701-494A-97D8-388E5C968763}.Debug|ARM.ActiveCfg = Debug|Any CPU
		{ED329921-2701-494A-97D8-388E5C968763}.Debug|ARM.Build.0 = Debug|Any CPU
		{ED329921-2701-494A-97D8-388E5C968763}.Debug|iPhone.ActiveCfg = Debug|Any CPU
		{ED329921-2701-494A-97D8-388E5C968763}.Debug|iPhone.Build.0 = Debug|Any CPU
		{ED329921-2701-494A-97D8-388E5C968763}.Debug|iPhoneSimulator.ActiveCfg = Debug|Any CPU
		{ED329921-2701-494A-97D8-388E5C968763}.Debug|iPhoneSimulator.Build.0 = Debug|Any CPU
		{ED329921-2701-494A-97D8-388E5C968763}.Debug|x64.ActiveCfg = Debug|Any CPU
		{ED329921-2701-494A-97D8-388E5C968763}.Debug|x64.Build.0 = Debug|Any CPU
		{ED329921-2701-494A-97D8-388E5C968763}.Debug|x86.ActiveCfg = Debug|Any CPU
		{ED329921-2701-494A-97D8-388E5C968763}.Debug|x86.Build.0 = Debug|Any CPU
		{ED329921-2701-494A-97D8-388E5C968763}.Release|Any CPU.ActiveCfg = Release|Any CPU
		{ED329921-2701-494A-97D8-388E5C968763}.Release|Any CPU.Build.0 = Release|Any CPU
		{ED329921-2701-494A-97D8-388E5C968763}.Release|ARM.ActiveCfg = Release|Any CPU
		{ED329921-2701-494A-97D8-388E5C968763}.Release|ARM.Build.0 = Release|Any CPU
		{ED329921-2701-494A-97D8-388E5C968763}.Release|iPhone.ActiveCfg = Release|Any CPU
		{ED329921-2701-494A-97D8-388E5C968763}.Release|iPhone.Build.0 = Release|Any CPU
		{ED329921-2701-494A-97D8-388E5C968763}.Release|iPhoneSimulator.ActiveCfg = Release|Any CPU
		{ED329921-2701-494A-97D8-388E5C968763}.Release|iPhoneSimulator.Build.0 = Release|Any CPU
		{ED329921-2701-494A-97D8-388E5C968763}.Release|x64.ActiveCfg = Release|Any CPU
		{ED329921-2701-494A-97D8-388E5C968763}.Release|x64.Build.0 = Release|Any CPU
		{ED329921-2701-494A-97D8-388E5C968763}.Release|x86.ActiveCfg = Release|Any CPU
		{ED329921-2701-494A-97D8-388E5C968763}.Release|x86.Build.0 = Release|Any CPU
		{E60C1DA5-A374-4643-A880-BCFD4730DED9}.Ad-Hoc|Any CPU.ActiveCfg = Release|Any CPU
		{E60C1DA5-A374-4643-A880-BCFD4730DED9}.Ad-Hoc|Any CPU.Build.0 = Release|Any CPU
		{E60C1DA5-A374-4643-A880-BCFD4730DED9}.Ad-Hoc|ARM.ActiveCfg = Release|Any CPU
		{E60C1DA5-A374-4643-A880-BCFD4730DED9}.Ad-Hoc|ARM.Build.0 = Release|Any CPU
		{E60C1DA5-A374-4643-A880-BCFD4730DED9}.Ad-Hoc|iPhone.ActiveCfg = Release|Any CPU
		{E60C1DA5-A374-4643-A880-BCFD4730DED9}.Ad-Hoc|iPhone.Build.0 = Release|Any CPU
		{E60C1DA5-A374-4643-A880-BCFD4730DED9}.Ad-Hoc|iPhoneSimulator.ActiveCfg = Release|Any CPU
		{E60C1DA5-A374-4643-A880-BCFD4730DED9}.Ad-Hoc|iPhoneSimulator.Build.0 = Release|Any CPU
		{E60C1DA5-A374-4643-A880-BCFD4730DED9}.Ad-Hoc|x64.ActiveCfg = Release|Any CPU
		{E60C1DA5-A374-4643-A880-BCFD4730DED9}.Ad-Hoc|x64.Build.0 = Release|Any CPU
		{E60C1DA5-A374-4643-A880-BCFD4730DED9}.Ad-Hoc|x86.ActiveCfg = Release|Any CPU
		{E60C1DA5-A374-4643-A880-BCFD4730DED9}.Ad-Hoc|x86.Build.0 = Release|Any CPU
		{E60C1DA5-A374-4643-A880-BCFD4730DED9}.AppStore|Any CPU.ActiveCfg = Release|Any CPU
		{E60C1DA5-A374-4643-A880-BCFD4730DED9}.AppStore|Any CPU.Build.0 = Release|Any CPU
		{E60C1DA5-A374-4643-A880-BCFD4730DED9}.AppStore|ARM.ActiveCfg = Release|Any CPU
		{E60C1DA5-A374-4643-A880-BCFD4730DED9}.AppStore|ARM.Build.0 = Release|Any CPU
		{E60C1DA5-A374-4643-A880-BCFD4730DED9}.AppStore|iPhone.ActiveCfg = Release|Any CPU
		{E60C1DA5-A374-4643-A880-BCFD4730DED9}.AppStore|iPhone.Build.0 = Release|Any CPU
		{E60C1DA5-A374-4643-A880-BCFD4730DED9}.AppStore|iPhoneSimulator.ActiveCfg = Release|Any CPU
		{E60C1DA5-A374-4643-A880-BCFD4730DED9}.AppStore|iPhoneSimulator.Build.0 = Release|Any CPU
		{E60C1DA5-A374-4643-A880-BCFD4730DED9}.AppStore|x64.ActiveCfg = Release|Any CPU
		{E60C1DA5-A374-4643-A880-BCFD4730DED9}.AppStore|x64.Build.0 = Release|Any CPU
		{E60C1DA5-A374-4643-A880-BCFD4730DED9}.AppStore|x86.ActiveCfg = Release|Any CPU
		{E60C1DA5-A374-4643-A880-BCFD4730DED9}.AppStore|x86.Build.0 = Release|Any CPU
		{E60C1DA5-A374-4643-A880-BCFD4730DED9}.Debug|Any CPU.ActiveCfg = Debug|Any CPU
		{E60C1DA5-A374-4643-A880-BCFD4730DED9}.Debug|Any CPU.Build.0 = Debug|Any CPU
		{E60C1DA5-A374-4643-A880-BCFD4730DED9}.Debug|ARM.ActiveCfg = Debug|Any CPU
		{E60C1DA5-A374-4643-A880-BCFD4730DED9}.Debug|ARM.Build.0 = Debug|Any CPU
		{E60C1DA5-A374-4643-A880-BCFD4730DED9}.Debug|iPhone.ActiveCfg = Debug|Any CPU
		{E60C1DA5-A374-4643-A880-BCFD4730DED9}.Debug|iPhone.Build.0 = Debug|Any CPU
		{E60C1DA5-A374-4643-A880-BCFD4730DED9}.Debug|iPhoneSimulator.ActiveCfg = Debug|Any CPU
		{E60C1DA5-A374-4643-A880-BCFD4730DED9}.Debug|iPhoneSimulator.Build.0 = Debug|Any CPU
		{E60C1DA5-A374-4643-A880-BCFD4730DED9}.Debug|x64.ActiveCfg = Debug|Any CPU
		{E60C1DA5-A374-4643-A880-BCFD4730DED9}.Debug|x64.Build.0 = Debug|Any CPU
		{E60C1DA5-A374-4643-A880-BCFD4730DED9}.Debug|x86.ActiveCfg = Debug|Any CPU
		{E60C1DA5-A374-4643-A880-BCFD4730DED9}.Debug|x86.Build.0 = Debug|Any CPU
		{E60C1DA5-A374-4643-A880-BCFD4730DED9}.Release|Any CPU.ActiveCfg = Release|Any CPU
		{E60C1DA5-A374-4643-A880-BCFD4730DED9}.Release|Any CPU.Build.0 = Release|Any CPU
		{E60C1DA5-A374-4643-A880-BCFD4730DED9}.Release|ARM.ActiveCfg = Release|Any CPU
		{E60C1DA5-A374-4643-A880-BCFD4730DED9}.Release|ARM.Build.0 = Release|Any CPU
		{E60C1DA5-A374-4643-A880-BCFD4730DED9}.Release|iPhone.ActiveCfg = Release|Any CPU
		{E60C1DA5-A374-4643-A880-BCFD4730DED9}.Release|iPhone.Build.0 = Release|Any CPU
		{E60C1DA5-A374-4643-A880-BCFD4730DED9}.Release|iPhoneSimulator.ActiveCfg = Release|Any CPU
		{E60C1DA5-A374-4643-A880-BCFD4730DED9}.Release|iPhoneSimulator.Build.0 = Release|Any CPU
		{E60C1DA5-A374-4643-A880-BCFD4730DED9}.Release|x64.ActiveCfg = Release|Any CPU
		{E60C1DA5-A374-4643-A880-BCFD4730DED9}.Release|x64.Build.0 = Release|Any CPU
		{E60C1DA5-A374-4643-A880-BCFD4730DED9}.Release|x86.ActiveCfg = Release|Any CPU
		{E60C1DA5-A374-4643-A880-BCFD4730DED9}.Release|x86.Build.0 = Release|Any CPU
	EndGlobalSection
	GlobalSection(SolutionProperties) = preSolution
		HideSolutionNode = FALSE
	EndGlobalSection
	GlobalSection(NestedProjects) = preSolution
		{ED329921-2701-494A-97D8-388E5C968763} = {66810248-D0BE-499D-843E-94D5DA547192}
	EndGlobalSection
	GlobalSection(ExtensibilityGlobals) = postSolution
		SolutionGuid = {51FE10CE-E584-4E7F-A2FE-228DC08FF2B0}
	EndGlobalSection
EndGlobal
