
Microsoft Visual Studio Solution File, Format Version 12.00
# Visual Studio 2012
Project("{FAE04EC0-301F-11D3-BF4B-00C04F79EFBC}") = "Coinance", "Coinance.csproj", "{B6E200FD-4377-4FE3-B2F7-ECE06E149981}"
EndProject
Global
	GlobalSection(SolutionConfigurationPlatforms) = preSolution
		Debug|iPhoneSimulator = Debug|iPhoneSimulator
		Release|iPhoneSimulator = Release|iPhoneSimulator
		Debug|iPhone = Debug|iPhone
		Release|iPhone = Release|iPhone
		Ad-Hoc|iPhone = Ad-Hoc|iPhone
		AppStore|iPhone = AppStore|iPhone
	EndGlobalSection
	GlobalSection(ProjectConfigurationPlatforms) = postSolution
		{B6E200FD-4377-4FE3-B2F7-ECE06E149981}.Debug|iPhoneSimulator.ActiveCfg = Debug|iPhoneSimulator
		{B6E200FD-4377-4FE3-B2F7-ECE06E149981}.Debug|iPhoneSimulator.Build.0 = Debug|iPhoneSimulator
		{B6E200FD-4377-4FE3-B2F7-ECE06E149981}.Release|iPhoneSimulator.ActiveCfg = Release|iPhoneSimulator
		{B6E200FD-4377-4FE3-B2F7-ECE06E149981}.Release|iPhoneSimulator.Build.0 = Release|iPhoneSimulator
		{B6E200FD-4377-4FE3-B2F7-ECE06E149981}.Debug|iPhone.ActiveCfg = Debug|iPhone
		{B6E200FD-4377-4FE3-B2F7-ECE06E149981}.Debug|iPhone.Build.0 = Debug|iPhone
		{B6E200FD-4377-4FE3-B2F7-ECE06E149981}.Release|iPhone.ActiveCfg = Release|iPhone
		{B6E200FD-4377-4FE3-B2F7-ECE06E149981}.Release|iPhone.Build.0 = Release|iPhone
		{B6E200FD-4377-4FE3-B2F7-ECE06E149981}.Ad-Hoc|iPhone.ActiveCfg = Ad-Hoc|iPhone
		{B6E200FD-4377-4FE3-B2F7-ECE06E149981}.Ad-Hoc|iPhone.Build.0 = Ad-Hoc|iPhone
		{B6E200FD-4377-4FE3-B2F7-ECE06E149981}.AppStore|iPhone.ActiveCfg = AppStore|iPhone
		{B6E200FD-4377-4FE3-B2F7-ECE06E149981}.AppStore|iPhone.Build.0 = AppStore|iPhone
	EndGlobalSection
EndGlobal
